{
  "name": "wxapp_xiaofei",
  "version": "1.0.0",
  "lockfileVersion": 1,
  "requires": true,
  "dependencies": {
    "wxapp__xf": {
      "version": "1.0.0",
      "resolved": "https://registry.npmjs.org/wxapp__xf/-/wxapp__xf-1.0.0.tgz",
      "integrity": "sha512-L4VTylRHBqLYQLciKE3XWPB2jthh8DwJ0RgaT+fPtEJ1NfUYrmFVfYLDOGadZt/cQFypdQfCpaYJPGSnc5uHqg=="
    }
  }
}
